
Microsoft Visual Studio Solution File, Format Version 12.00
# Visual Studio Version 16
VisualStudioVersion = 16.0.29613.14
MinimumVisualStudioVersion = 10.0.40219.1
Project("{FAE04EC0-301F-11D3-BF4B-00C04F79EFBC}") = "KBNN_App", "KBNN_App.csproj", "{BB871332-CD68-4E96-8BFF-3159BC167D89}"
EndProject
Global
	GlobalSection(SolutionConfigurationPlatforms) = preSolution
		Debug|Any CPU = Debug|Any CPU
		Release|Any CPU = Release|Any CPU
	EndGlobalSection
	GlobalSection(ProjectConfigurationPlatforms) = postSolution
		{BB871332-CD68-4E96-8BFF-3159BC167D89}.Debug|Any CPU.ActiveCfg = Debug|Any CPU
		{BB871332-CD68-4E96-8BFF-3159BC167D89}.Debug|Any CPU.Build.0 = Debug|Any CPU
		{BB871332-CD68-4E96-8BFF-3159BC167D89}.Release|Any CPU.ActiveCfg = Release|Any CPU
		{BB871332-CD68-4E96-8BFF-3159BC167D89}.Release|Any CPU.Build.0 = Release|Any CPU
	EndGlobalSection
	GlobalSection(SolutionProperties) = preSolution
		HideSolutionNode = FALSE
	EndGlobalSection
	GlobalSection(ExtensibilityGlobals) = postSolution
		SolutionGuid = {CB3503A7-0FBA-42A9-8CCF-07C16B80A74B}
	EndGlobalSection
EndGlobal
